
Microsoft Visual Studio Solution File, Format Version 12.00
# Visual Studio 15
VisualStudioVersion = 15.0.26730.10
MinimumVisualStudioVersion = 10.0.40219.1
Project("{FAE04EC0-301F-11D3-BF4B-00C04F79EFBC}") = "G2.DB.Api", "Api\G2.DB.Api.csproj", "{F329FDC1-E646-4505-B425-ED298D820318}"
EndProject
Project("{FAE04EC0-301F-11D3-BF4B-00C04F79EFBC}") = "G2.DB.BusinessObjects", "G2.DB.BusinessObjects\G2.DB.BusinessObjects.csproj", "{879F0CCF-6CB6-4DAB-A5EB-0D2DFD36C5A7}"
EndProject
Project("{FAE04EC0-301F-11D3-BF4B-00C04F79EFBC}") = "G2.DB.BusinessServices", "G2.DB.BusinessServices\G2.DB.BusinessServices.csproj", "{1436A214-E25D-442B-A10B-A552DB33BA6D}"
EndProject
Global
	GlobalSection(SolutionConfigurationPlatforms) = preSolution
		Debug|Any CPU = Debug|Any CPU
		Release|Any CPU = Release|Any CPU
	EndGlobalSection
	GlobalSection(ProjectConfigurationPlatforms) = postSolution
		{F329FDC1-E646-4505-B425-ED298D820318}.Debug|Any CPU.ActiveCfg = Debug|Any CPU
		{F329FDC1-E646-4505-B425-ED298D820318}.Debug|Any CPU.Build.0 = Debug|Any CPU
		{F329FDC1-E646-4505-B425-ED298D820318}.Release|Any CPU.ActiveCfg = Release|Any CPU
		{F329FDC1-E646-4505-B425-ED298D820318}.Release|Any CPU.Build.0 = Release|Any CPU
		{879F0CCF-6CB6-4DAB-A5EB-0D2DFD36C5A7}.Debug|Any CPU.ActiveCfg = Debug|Any CPU
		{879F0CCF-6CB6-4DAB-A5EB-0D2DFD36C5A7}.Debug|Any CPU.Build.0 = Debug|Any CPU
		{879F0CCF-6CB6-4DAB-A5EB-0D2DFD36C5A7}.Release|Any CPU.ActiveCfg = Release|Any CPU
		{879F0CCF-6CB6-4DAB-A5EB-0D2DFD36C5A7}.Release|Any CPU.Build.0 = Release|Any CPU
		{1436A214-E25D-442B-A10B-A552DB33BA6D}.Debug|Any CPU.ActiveCfg = Debug|Any CPU
		{1436A214-E25D-442B-A10B-A552DB33BA6D}.Debug|Any CPU.Build.0 = Debug|Any CPU
		{1436A214-E25D-442B-A10B-A552DB33BA6D}.Release|Any CPU.ActiveCfg = Release|Any CPU
		{1436A214-E25D-442B-A10B-A552DB33BA6D}.Release|Any CPU.Build.0 = Release|Any CPU
	EndGlobalSection
	GlobalSection(SolutionProperties) = preSolution
		HideSolutionNode = FALSE
	EndGlobalSection
	GlobalSection(ExtensibilityGlobals) = postSolution
		SolutionGuid = {5947BDA0-C651-40EE-AEDB-C856D664C5BF}
	EndGlobalSection
EndGlobal
